
Microsoft Visual Studio Solution File, Format Version 12.00
# Visual Studio Version 17
VisualStudioVersion = 17.5.33530.505
MinimumVisualStudioVersion = 10.0.40219.1
Project("{FAE04EC0-301F-11D3-BF4B-00C04F79EFBC}") = "Application", "Application\Application.csproj", "{37E4D808-CE2B-4CA8-B1D9-29DE309A3903}"
EndProject
Project("{FAE04EC0-301F-11D3-BF4B-00C04F79EFBC}") = "Domain", "Domain\Domain.csproj", "{FD3C9D7E-61D7-49DE-BB70-03371BDEB6FC}"
EndProject
Project("{FAE04EC0-301F-11D3-BF4B-00C04F79EFBC}") = "Infrastructure", "Infrastructure\Infrastructure.csproj", "{DFD8C885-8EAE-43BF-ABE5-36C75D7D2F9B}"
EndProject
Project("{FAE04EC0-301F-11D3-BF4B-00C04F79EFBC}") = "WebAPI", "WebAPI\WebAPI.csproj", "{ECDD3B54-F3F1-4769-B984-7B9DD3C6021E}"
EndProject
Project("{2150E333-8FDC-42A3-9474-1A3956D46DE8}") = "src", "src", "{02582C76-6E92-410C-91A5-CDB1AD386D5E}"
EndProject
Global
	GlobalSection(SolutionConfigurationPlatforms) = preSolution
		Debug|Any CPU = Debug|Any CPU
		Release|Any CPU = Release|Any CPU
	EndGlobalSection
	GlobalSection(ProjectConfigurationPlatforms) = postSolution
		{37E4D808-CE2B-4CA8-B1D9-29DE309A3903}.Debug|Any CPU.ActiveCfg = Debug|Any CPU
		{37E4D808-CE2B-4CA8-B1D9-29DE309A3903}.Debug|Any CPU.Build.0 = Debug|Any CPU
		{37E4D808-CE2B-4CA8-B1D9-29DE309A3903}.Release|Any CPU.ActiveCfg = Release|Any CPU
		{37E4D808-CE2B-4CA8-B1D9-29DE309A3903}.Release|Any CPU.Build.0 = Release|Any CPU
		{FD3C9D7E-61D7-49DE-BB70-03371BDEB6FC}.Debug|Any CPU.ActiveCfg = Debug|Any CPU
		{FD3C9D7E-61D7-49DE-BB70-03371BDEB6FC}.Debug|Any CPU.Build.0 = Debug|Any CPU
		{FD3C9D7E-61D7-49DE-BB70-03371BDEB6FC}.Release|Any CPU.ActiveCfg = Release|Any CPU
		{FD3C9D7E-61D7-49DE-BB70-03371BDEB6FC}.Release|Any CPU.Build.0 = Release|Any CPU
		{DFD8C885-8EAE-43BF-ABE5-36C75D7D2F9B}.Debug|Any CPU.ActiveCfg = Debug|Any CPU
		{DFD8C885-8EAE-43BF-ABE5-36C75D7D2F9B}.Debug|Any CPU.Build.0 = Debug|Any CPU
		{DFD8C885-8EAE-43BF-ABE5-36C75D7D2F9B}.Release|Any CPU.ActiveCfg = Release|Any CPU
		{DFD8C885-8EAE-43BF-ABE5-36C75D7D2F9B}.Release|Any CPU.Build.0 = Release|Any CPU
		{ECDD3B54-F3F1-4769-B984-7B9DD3C6021E}.Debug|Any CPU.ActiveCfg = Debug|Any CPU
		{ECDD3B54-F3F1-4769-B984-7B9DD3C6021E}.Debug|Any CPU.Build.0 = Debug|Any CPU
		{ECDD3B54-F3F1-4769-B984-7B9DD3C6021E}.Release|Any CPU.ActiveCfg = Release|Any CPU
		{ECDD3B54-F3F1-4769-B984-7B9DD3C6021E}.Release|Any CPU.Build.0 = Release|Any CPU
	EndGlobalSection
	GlobalSection(SolutionProperties) = preSolution
		HideSolutionNode = FALSE
	EndGlobalSection
	GlobalSection(NestedProjects) = preSolution
		{37E4D808-CE2B-4CA8-B1D9-29DE309A3903} = {02582C76-6E92-410C-91A5-CDB1AD386D5E}
		{FD3C9D7E-61D7-49DE-BB70-03371BDEB6FC} = {02582C76-6E92-410C-91A5-CDB1AD386D5E}
		{DFD8C885-8EAE-43BF-ABE5-36C75D7D2F9B} = {02582C76-6E92-410C-91A5-CDB1AD386D5E}
		{ECDD3B54-F3F1-4769-B984-7B9DD3C6021E} = {02582C76-6E92-410C-91A5-CDB1AD386D5E}
	EndGlobalSection
	GlobalSection(ExtensibilityGlobals) = postSolution
		SolutionGuid = {339F965E-2155-4112-8287-9C779236278F}
	EndGlobalSection
EndGlobal
